// !$*UTF8*$!
{
	archiveVersion = 1;
	classes = {
	};
	objectVersion = 50;
	objects = {

/* Begin PBXBuildFile section */
		A3A20E3825208223000A2FFE /* AppDelegate.swift in Sources */ = {isa = PBXBuildFile; fileRef = A3A20E3725208223000A2FFE /* AppDelegate.swift */; };
		A3A20E3A25208223000A2FFE /* SceneDelegate.swift in Sources */ = {isa = PBXBuildFile; fileRef = A3A20E3925208223000A2FFE /* SceneDelegate.swift */; };
		A3A20E4125208224000A2FFE /* Assets.xcassets in Resources */ = {isa = PBXBuildFile; fileRef = A3A20E4025208224000A2FFE /* Assets.xcassets */; };
		A3A20E4425208224000A2FFE /* LaunchScreen.storyboard in Resources */ = {isa = PBXBuildFile; fileRef = A3A20E4225208224000A2FFE /* LaunchScreen.storyboard */; };
		A3BCD8CB26BCC1B000A75173 /* RulesVC.swift in Sources */ = {isa = PBXBuildFile; fileRef = A3BCD8CA26BCC1B000A75173 /* RulesVC.swift */; };
		A3C032A226BBBDFD00895BC4 /* CardSelectionVC.swift in Sources */ = {isa = PBXBuildFile; fileRef = A3C032A126BBBDFD00895BC4 /* CardSelectionVC.swift */; };
		A3C032A426BBC0D100895BC4 /* RCButton.swift in Sources */ = {isa = PBXBuildFile; fileRef = A3C032A326BBC0D100895BC4 /* RCButton.swift */; };
/* End PBXBuildFile section */

/* Begin PBXFileReference section */
		A3A20E3425208223000A2FFE /* RandomCard-Programatic.app */ = {isa = PBXFileReference; explicitFileType = wrapper.application; includeInIndex = 0; path = "RandomCard-Programatic.app"; sourceTree = BUILT_PRODUCTS_DIR; };
		A3A20E3725208223000A2FFE /* AppDelegate.swift */ = {isa = PBXFileReference; lastKnownFileType = sourcecode.swift; path = AppDelegate.swift; sourceTree = "<group>"; };
		A3A20E3925208223000A2FFE /* SceneDelegate.swift */ = {isa = PBXFileReference; lastKnownFileType = sourcecode.swift; path = SceneDelegate.swift; sourceTree = "<group>"; };
		A3A20E4025208224000A2FFE /* Assets.xcassets */ = {isa = PBXFileReference; lastKnownFileType = folder.assetcatalog; path = Assets.xcassets; sourceTree = "<group>"; };
		A3A20E4325208224000A2FFE /* Base */ = {isa = PBXFileReference; lastKnownFileType = file.storyboard; name = Base; path = Base.lproj/LaunchScreen.storyboard; sourceTree = "<group>"; };
		A3A20E4525208224000A2FFE /* Info.plist */ = {isa = PBXFileReference; lastKnownFileType = text.plist.xml; path = Info.plist; sourceTree = "<group>"; };
		A3BCD8CA26BCC1B000A75173 /* RulesVC.swift */ = {isa = PBXFileReference; lastKnownFileType = sourcecode.swift; path = RulesVC.swift; sourceTree = "<group>"; };
		A3C032A126BBBDFD00895BC4 /* CardSelectionVC.swift */ = {isa = PBXFileReference; lastKnownFileType = sourcecode.swift; path = CardSelectionVC.swift; sourceTree = "<group>"; };
		A3C032A326BBC0D100895BC4 /* RCButton.swift */ = {isa = PBXFileReference; lastKnownFileType = sourcecode.swift; path = RCButton.swift; sourceTree = "<group>"; };
/* End PBXFileReference section */

/* Begin PBXFrameworksBuildPhase section */
		A3A20E3125208223000A2FFE /* Frameworks */ = {
			isa = PBXFrameworksBuildPhase;
			buildActionMask = 2147483647;
			files = (
			);
			runOnlyForDeploymentPostprocessing = 0;
		};
/* End PBXFrameworksBuildPhase section */

/* Begin PBXGroup section */
		A3A20E2B25208223000A2FFE = {
			isa = PBXGroup;
			children = (
				A3A20E3625208223000A2FFE /* RandomCard-Programatic */,
				A3A20E3525208223000A2FFE /* Products */,
			);
			sourceTree = "<group>";
		};
		A3A20E3525208223000A2FFE /* Products */ = {
			isa = PBXGroup;
			children = (
				A3A20E3425208223000A2FFE /* RandomCard-Programatic.app */,
			);
			name = Products;
			sourceTree = "<group>";
		};
		A3A20E3625208223000A2FFE /* RandomCard-Programatic */ = {
			isa = PBXGroup;
			children = (
				A3A20E3725208223000A2FFE /* AppDelegate.swift */,
				A3A20E3925208223000A2FFE /* SceneDelegate.swift */,
				A3A20E4025208224000A2FFE /* Assets.xcassets */,
				A3A20E4225208224000A2FFE /* LaunchScreen.storyboard */,
				A3A20E4525208224000A2FFE /* Info.plist */,
				A3C032A126BBBDFD00895BC4 /* CardSelectionVC.swift */,
				A3C032A326BBC0D100895BC4 /* RCButton.swift */,
				A3BCD8CA26BCC1B000A75173 /* RulesVC.swift */,
			);
			path = "RandomCard-Programatic";
			sourceTree = "<group>";
		};
/* End PBXGroup section */

/* Begin PBXNativeTarget section */
		A3A20E3325208223000A2FFE /* RandomCard-Programatic */ = {
			isa = PBXNativeTarget;
			buildConfigurationList = A3A20E4825208224000A2FFE /* Build configuration list for PBXNativeTarget "RandomCard-Programatic" */;
			buildPhases = (
				A3A20E3025208223000A2FFE /* Sources */,
				A3A20E3125208223000A2FFE /* Frameworks */,
				A3A20E3225208223000A2FFE /* Resources */,
			);
			buildRules = (
			);
			dependencies = (
			);
			name = "RandomCard-Programatic";
			productName = "RandomCard-Programatic";
			productReference = A3A20E3425208223000A2FFE /* RandomCard-Programatic.app */;
			productType = "com.apple.product-type.application";
		};
/* End PBXNativeTarget section */

/* Begin PBXProject section */
		A3A20E2C25208223000A2FFE /* Project object */ = {
			isa = PBXProject;
			attributes = {
				LastSwiftUpdateCheck = 1200;
				LastUpgradeCheck = 1200;
				TargetAttributes = {
					A3A20E3325208223000A2FFE = {
						CreatedOnToolsVersion = 12.0.1;
					};
				};
			};
			buildConfigurationList = A3A20E2F25208223000A2FFE /* Build configuration list for PBXProject "RandomCard-Programatic" */;
			compatibilityVersion = "Xcode 9.3";
			developmentRegion = en;
			hasScannedForEncodings = 0;
			knownRegions = (
				en,
				Base,
			);
			mainGroup = A3A20E2B25208223000A2FFE;
			productRefGroup = A3A20E3525208223000A2FFE /* Products */;
			projectDirPath = "";
			projectRoot = "";
			targets = (
				A3A20E3325208223000A2FFE /* RandomCard-Programatic */,
			);
		};
/* End PBXProject section */

/* Begin PBXResourcesBuildPhase section */
		A3A20E3225208223000A2FFE /* Resources */ = {
			isa = PBXResourcesBuildPhase;
			buildActionMask = 2147483647;
			files = (
				A3A20E4425208224000A2FFE /* LaunchScreen.storyboard in Resources */,
				A3A20E4125208224000A2FFE /* Assets.xcassets in Resources */,
			);
			runOnlyForDeploymentPostprocessing = 0;
		};
/* End PBXResourcesBuildPhase section */

/* Begin PBXSourcesBuildPhase section */
		A3A20E3025208223000A2FFE /* Sources */ = {
			isa = PBXSourcesBuildPhase;
			buildActionMask = 2147483647;
			files = (
				A3A20E3825208223000A2FFE /* AppDelegate.swift in Sources */,
				A3BCD8CB26BCC1B000A75173 /* RulesVC.swift in Sources */,
				A3A20E3A25208223000A2FFE /* SceneDelegate.swift in Sources */,
				A3C032A426BBC0D100895BC4 /* RCButton.swift in Sources */,
				A3C032A226BBBDFD00895BC4 /* CardSelectionVC.swift in Sources */,
			);
			runOnlyForDeploymentPostprocessing = 0;
		};
/* End PBXSourcesBuildPhase section */

/* Begin PBXVariantGroup section */
		A3A20E4225208224000A2FFE /* LaunchScreen.storyboard */ = {
			isa = PBXVariantGroup;
			children = (
				A3A20E4325208224000A2FFE /* Base */,
			);
			name = LaunchScreen.storyboard;
			sourceTree = "<group>";
		};
/* End PBXVariantGroup section */

/* Begin XCBuildConfiguration section */
		A3A20E4625208224000A2FFE /* Debug */ = {
			isa = XCBuildConfiguration;
			buildSettings = {
				ALWAYS_SEARCH_USER_PATHS = NO;
				CLANG_ANALYZER_NONNULL = YES;
				CLANG_ANALYZER_NUMBER_OBJECT_CONVERSION = YES_AGGRESSIVE;
				CLANG_CXX_LANGUAGE_STANDARD = "gnu++14";
				CLANG_CXX_LIBRARY = "libc++";
				CLANG_ENABLE_MODULES = YES;
				CLANG_ENABLE_OBJC_ARC = YES;
				CLANG_ENABLE_OBJC_WEAK = YES;
				CLANG_WARN_BLOCK_CAPTURE_AUTORELEASING = YES;
				CLANG_WARN_BOOL_CONVERSION = YES;
				CLANG_WARN_COMMA = YES;
				CLANG_WARN_CONSTANT_CONVERSION = YES;
				CLANG_WARN_DEPRECATED_OBJC_IMPLEMENTATIONS = YES;
				CLANG_WARN_DIRECT_OBJC_ISA_USAGE = YES_ERROR;
				CLANG_WARN_DOCUMENTATION_COMMENTS = YES;
				CLANG_WARN_EMPTY_BODY = YES;
				CLANG_WARN_ENUM_CONVERSION = YES;
				CLANG_WARN_INFINITE_RECURSION = YES;
				CLANG_WARN_INT_CONVERSION = YES;
				CLANG_WARN_NON_LITERAL_NULL_CONVERSION = YES;
				CLANG_WARN_OBJC_IMPLICIT_RETAIN_SELF = YES;
				CLANG_WARN_OBJC_LITERAL_CONVERSION = YES;
				CLANG_WARN_OBJC_ROOT_CLASS = YES_ERROR;
				CLANG_WARN_QUOTED_INCLUDE_IN_FRAMEWORK_HEADER = YES;
				CLANG_WARN_RANGE_LOOP_ANALYSIS = YES;
				CLANG_WARN_STRICT_PROTOTYPES = YES;
				CLANG_WARN_SUSPICIOUS_MOVE = YES;
				CLANG_WARN_UNGUARDED_AVAILABILITY = YES_AGGRESSIVE;
				CLANG_WARN_UNREACHABLE_CODE = YES;
				CLANG_WARN__DUPLICATE_METHOD_MATCH = YES;
				COPY_PHASE_STRIP = NO;
				DEBUG_INFORMATION_FORMAT = dwarf;
				ENABLE_STRICT_OBJC_MSGSEND = YES;
				ENABLE_TESTABILITY = YES;
				GCC_C_LANGUAGE_STANDARD = gnu11;
				GCC_DYNAMIC_NO_PIC = NO;
				GCC_NO_COMMON_BLOCKS = YES;
				GCC_OPTIMIZATION_LEVEL = 0;
				GCC_PREPROCESSOR_DEFINITIONS = (
					"DEBUG=1",
					"$(inherited)",
				);
				GCC_WARN_64_TO_32_BIT_CONVERSION = YES;
				GCC_WARN_ABOUT_RETURN_TYPE = YES_ERROR;
				GCC_WARN_UNDECLARED_SELECTOR = YES;
				GCC_WARN_UNINITIALIZED_AUTOS = YES_AGGRESSIVE;
				GCC_WARN_UNUSED_FUNCTION = YES;
				GCC_WARN_UNUSED_VARIABLE = YES;
				IPHONEOS_DEPLOYMENT_TARGET = 14.0;
				MTL_ENABLE_DEBUG_INFO = INCLUDE_SOURCE;
				MTL_FAST_MATH = YES;
				ONLY_ACTIVE_ARCH = YES;
				SDKROOT = iphoneos;
				SWIFT_ACTIVE_COMPILATION_CONDITIONS = DEBUG;
				SWIFT_OPTIMIZATION_LEVEL = "-Onone";
			};
			name = Debug;
		};
		A3A20E4725208224000A2FFE /* Release */ = {
			isa = XCBuildConfiguration;
			buildSettings = {
				ALWAYS_SEARCH_USER_PATHS = NO;
				CLANG_ANALYZER_NONNULL = YES;
				CLANG_ANALYZER_NUMBER_OBJECT_CONVERSION = YES_AGGRESSIVE;
				CLANG_CXX_LANGUAGE_STANDARD = "gnu++14";
				CLANG_CXX_LIBRARY = "libc++";
				CLANG_ENABLE_MODULES = YES;
				CLANG_ENABLE_OBJC_ARC = YES;
				CLANG_ENABLE_OBJC_WEAK = YES;
				CLANG_WARN_BLOCK_CAPTURE_AUTORELEASING = YES;
				CLANG_WARN_BOOL_CONVERSION = YES;
				CLANG_WARN_COMMA = YES;
				CLANG_WARN_CONSTANT_CONVERSION = YES;
				CLANG_WARN_DEPRECATED_OBJC_IMPLEMENTATIONS = YES;
				CLANG_WARN_DIRECT_OBJC_ISA_USAGE = YES_ERROR;
				CLANG_WARN_DOCUMENTATION_COMMENTS = YES;
				CLANG_WARN_EMPTY_BODY = YES;
				CLANG_WARN_ENUM_CONVERSION = YES;
				CLANG_WARN_INFINITE_RECURSION = YES;
				CLANG_WARN_INT_CONVERSION = YES;
				CLANG_WARN_NON_LITERAL_NULL_CONVERSION = YES;
				CLANG_WARN_OBJC_IMPLICIT_RETAIN_SELF = YES;
				CLANG_WARN_OBJC_LITERAL_CONVERSION = YES;
				CLANG_WARN_OBJC_ROOT_CLASS = YES_ERROR;
				CLANG_WARN_QUOTED_INCLUDE_IN_FRAMEWORK_HEADER = YES;
				CLANG_WARN_RANGE_LOOP_ANALYSIS = YES;
				CLANG_WARN_STRICT_PROTOTYPES = YES;
				CLANG_WARN_SUSPICIOUS_MOVE = YES;
				CLANG_WARN_UNGUARDED_AVAILABILITY = YES_AGGRESSIVE;
				CLANG_WARN_UNREACHABLE_CODE = YES;
				CLANG_WARN__DUPLICATE_METHOD_MATCH = YES;
				COPY_PHASE_STRIP = NO;
				DEBUG_INFORMATION_FORMAT = "dwarf-with-dsym";
				ENABLE_NS_ASSERTIONS = NO;
				ENABLE_STRICT_OBJC_MSGSEND = YES;
				GCC_C_LANGUAGE_STANDARD = gnu11;
				GCC_NO_COMMON_BLOCKS = YES;
				GCC_WARN_64_TO_32_BIT_CONVERSION = YES;
				GCC_WARN_ABOUT_RETURN_TYPE = YES_ERROR;
				GCC_WARN_UNDECLARED_SELECTOR = YES;
				GCC_WARN_UNINITIALIZED_AUTOS = YES_AGGRESSIVE;
				GCC_WARN_UNUSED_FUNCTION = YES;
				GCC_WARN_UNUSED_VARIABLE = YES;
				IPHONEOS_DEPLOYMENT_TARGET = 14.0;
				MTL_ENABLE_DEBUG_INFO = NO;
				MTL_FAST_MATH = YES;
				SDKROOT = iphoneos;
				SWIFT_COMPILATION_MODE = wholemodule;
				SWIFT_OPTIMIZATION_LEVEL = "-O";
				VALIDATE_PRODUCT = YES;
			};
			name = Release;
		};
		A3A20E4925208224000A2FFE /* Debug */ = {
			isa = XCBuildConfiguration;
			buildSettings = {
				ASSETCATALOG_COMPILER_APPICON_NAME = AppIcon;
				ASSETCATALOG_COMPILER_GLOBAL_ACCENT_COLOR_NAME = AccentColor;
				CODE_SIGN_STYLE = Automatic;
				DEVELOPMENT_TEAM = 36N7S5EZ55;
				INFOPLIST_FILE = "RandomCard-Programatic/Info.plist";
				LD_RUNPATH_SEARCH_PATHS = (
					"$(inherited)",
					"@executable_path/Frameworks",
				);
				PRODUCT_BUNDLE_IDENTIFIER = "com.markbattistella.RandomCard-Programatic";
				PRODUCT_NAME = "$(TARGET_NAME)";
				SWIFT_VERSION = 5.0;
				TARGETED_DEVICE_FAMILY = "1,2";
			};
			name = Debug;
		};
		A3A20E4A25208224000A2FFE /* Release */ = {
			isa = XCBuildConfiguration;
			buildSettings = {
				ASSETCATALOG_COMPILER_APPICON_NAME = AppIcon;
				ASSETCATALOG_COMPILER_GLOBAL_ACCENT_COLOR_NAME = AccentColor;
				CODE_SIGN_STYLE = Automatic;
				DEVELOPMENT_TEAM = 36N7S5EZ55;
				INFOPLIST_FILE = "RandomCard-Programatic/Info.plist";
				LD_RUNPATH_SEARCH_PATHS = (
					"$(inherited)",
					"@executable_path/Frameworks",
				);
				PRODUCT_BUNDLE_IDENTIFIER = "com.markbattistella.RandomCard-Programatic";
				PRODUCT_NAME = "$(TARGET_NAME)";
				SWIFT_VERSION = 5.0;
				TARGETED_DEVICE_FAMILY = "1,2";
			};
			name = Release;
		};
/* End XCBuildConfiguration section */

/* Begin XCConfigurationList section */
		A3A20E2F25208223000A2FFE /* Build configuration list for PBXProject "RandomCard-Programatic" */ = {
			isa = XCConfigurationList;
			buildConfigurations = (
				A3A20E4625208224000A2FFE /* Debug */,
				A3A20E4725208224000A2FFE /* Release */,
			);
			defaultConfigurationIsVisible = 0;
			defaultConfigurationName = Release;
		};
		A3A20E4825208224000A2FFE /* Build configuration list for PBXNativeTarget "RandomCard-Programatic" */ = {
			isa = XCConfigurationList;
			buildConfigurations = (
				A3A20E4925208224000A2FFE /* Debug */,
				A3A20E4A25208224000A2FFE /* Release */,
			);
			defaultConfigurationIsVisible = 0;
			defaultConfigurationName = Release;
		};
/* End XCConfigurationList section */
	};
	rootObject = A3A20E2C25208223000A2FFE /* Project object */;
}
